
Microsoft Visual Studio Solution File, Format Version 12.00
# Visual Studio Version 17
VisualStudioVersion = 17.3.32901.215
MinimumVisualStudioVersion = 10.0.40219.1
Project("{FAE04EC0-301F-11D3-BF4B-00C04F79EFBC}") = "матесатико", "матесатико\матесатико.csproj", "{4429C64C-FC4A-4D49-9645-AD05427136AD}"
EndProject
Global
	GlobalSection(SolutionConfigurationPlatforms) = preSolution
		Debug|Any CPU = Debug|Any CPU
		Release|Any CPU = Release|Any CPU
	EndGlobalSection
	GlobalSection(ProjectConfigurationPlatforms) = postSolution
		{4429C64C-FC4A-4D49-9645-AD05427136AD}.Debug|Any CPU.ActiveCfg = Debug|Any CPU
		{4429C64C-FC4A-4D49-9645-AD05427136AD}.Debug|Any CPU.Build.0 = Debug|Any CPU
		{4429C64C-FC4A-4D49-9645-AD05427136AD}.Release|Any CPU.ActiveCfg = Release|Any CPU
		{4429C64C-FC4A-4D49-9645-AD05427136AD}.Release|Any CPU.Build.0 = Release|Any CPU
	EndGlobalSection
	GlobalSection(SolutionProperties) = preSolution
		HideSolutionNode = FALSE
	EndGlobalSection
	GlobalSection(ExtensibilityGlobals) = postSolution
		SolutionGuid = {B67F500C-B408-4710-9586-AEECD1907341}
	EndGlobalSection
EndGlobal
